
Microsoft Visual Studio Solution File, Format Version 12.00
# Visual Studio Version 17
VisualStudioVersion = 17.9.34701.34
MinimumVisualStudioVersion = 10.0.40219.1
Project("{FAE04EC0-301F-11D3-BF4B-00C04F79EFBC}") = "ConsoleApp17", "ConsoleApp17\ConsoleApp17.csproj", "{09E54FE5-EB31-4D72-A829-6523F317BAEB}"
EndProject
Project("{FAE04EC0-301F-11D3-BF4B-00C04F79EFBC}") = "6laba 2", "6laba 2\6laba 2.csproj", "{4D4BAE00-D9D7-4E92-89DA-24E816B0D0ED}"
EndProject
Global
	GlobalSection(SolutionConfigurationPlatforms) = preSolution
		Debug|Any CPU = Debug|Any CPU
		Release|Any CPU = Release|Any CPU
	EndGlobalSection
	GlobalSection(ProjectConfigurationPlatforms) = postSolution
		{09E54FE5-EB31-4D72-A829-6523F317BAEB}.Debug|Any CPU.ActiveCfg = Debug|Any CPU
		{09E54FE5-EB31-4D72-A829-6523F317BAEB}.Debug|Any CPU.Build.0 = Debug|Any CPU
		{09E54FE5-EB31-4D72-A829-6523F317BAEB}.Release|Any CPU.ActiveCfg = Release|Any CPU
		{09E54FE5-EB31-4D72-A829-6523F317BAEB}.Release|Any CPU.Build.0 = Release|Any CPU
		{4D4BAE00-D9D7-4E92-89DA-24E816B0D0ED}.Debug|Any CPU.ActiveCfg = Debug|Any CPU
		{4D4BAE00-D9D7-4E92-89DA-24E816B0D0ED}.Debug|Any CPU.Build.0 = Debug|Any CPU
		{4D4BAE00-D9D7-4E92-89DA-24E816B0D0ED}.Release|Any CPU.ActiveCfg = Release|Any CPU
		{4D4BAE00-D9D7-4E92-89DA-24E816B0D0ED}.Release|Any CPU.Build.0 = Release|Any CPU
	EndGlobalSection
	GlobalSection(SolutionProperties) = preSolution
		HideSolutionNode = FALSE
	EndGlobalSection
	GlobalSection(ExtensibilityGlobals) = postSolution
		SolutionGuid = {E290C470-E68B-46EE-B6A3-42CCEB278981}
	EndGlobalSection
EndGlobal
